
Microsoft Visual Studio Solution File, Format Version 12.00
# Visual Studio Version 16
VisualStudioVersion = 16.0.28516.95
MinimumVisualStudioVersion = 10.0.40219.1
Project("{9A19103F-16F7-4668-BE54-9A1E7A4F7556}") = "PoExtractor.Core", "PoExtractor.Core\PoExtractor.Core.csproj", "{E677EF59-34AC-41A4-B9BC-C655A81017A5}"
EndProject
Project("{9A19103F-16F7-4668-BE54-9A1E7A4F7556}") = "PoExtractor.Core.Tests", "PoExtractor.Core.Tests\PoExtractor.Core.Tests.csproj", "{4E0AF6EC-9BD0-4D39-8123-06163362185D}"
EndProject
Project("{9A19103F-16F7-4668-BE54-9A1E7A4F7556}") = "PoExtractor.Liquid", "PoExtractor.Liquid\PoExtractor.Liquid.csproj", "{9DB27A54-F56F-465E-A1A9-28791C64710B}"
EndProject
Project("{9A19103F-16F7-4668-BE54-9A1E7A4F7556}") = "PoExtractor.OrchardCore", "PoExtractor.OrchardCore\PoExtractor.OrchardCore.csproj", "{C81FF74F-5E1E-402E-A505-E4CEE495CF1A}"
EndProject
Project("{9A19103F-16F7-4668-BE54-9A1E7A4F7556}") = "PoExtractor", "PoExtractor\PoExtractor.csproj", "{D358C2C3-D568-4C60-BBFA-38AA2BE95C7A}"
EndProject
Project("{9A19103F-16F7-4668-BE54-9A1E7A4F7556}") = "PoExtractor.Languages", "PoExtractor.Languages\PoExtractor.Languages.csproj", "{7A43A348-20AD-4433-9A13-719439243BE7}"
EndProject
Project("{9A19103F-16F7-4668-BE54-9A1E7A4F7556}") = "PoExtractor.Languages.CS", "PoExtractor.Languages.CS\PoExtractor.Languages.CS.csproj", "{A769FDEC-5B64-409B-A646-27A3A14105C6}"
EndProject
Project("{9A19103F-16F7-4668-BE54-9A1E7A4F7556}") = "PoExtractor..Languages.VB", "PoExtractor.Languages.VB\PoExtractor..Languages.VB.csproj", "{EEFF24B3-3A35-42B8-91FD-518052D6BA2F}"
EndProject
Global
	GlobalSection(SolutionConfigurationPlatforms) = preSolution
		Debug|Any CPU = Debug|Any CPU
		Release|Any CPU = Release|Any CPU
	EndGlobalSection
	GlobalSection(ProjectConfigurationPlatforms) = postSolution
		{E677EF59-34AC-41A4-B9BC-C655A81017A5}.Debug|Any CPU.ActiveCfg = Debug|Any CPU
		{E677EF59-34AC-41A4-B9BC-C655A81017A5}.Debug|Any CPU.Build.0 = Debug|Any CPU
		{E677EF59-34AC-41A4-B9BC-C655A81017A5}.Release|Any CPU.ActiveCfg = Release|Any CPU
		{E677EF59-34AC-41A4-B9BC-C655A81017A5}.Release|Any CPU.Build.0 = Release|Any CPU
		{4E0AF6EC-9BD0-4D39-8123-06163362185D}.Debug|Any CPU.ActiveCfg = Debug|Any CPU
		{4E0AF6EC-9BD0-4D39-8123-06163362185D}.Debug|Any CPU.Build.0 = Debug|Any CPU
		{4E0AF6EC-9BD0-4D39-8123-06163362185D}.Release|Any CPU.ActiveCfg = Release|Any CPU
		{4E0AF6EC-9BD0-4D39-8123-06163362185D}.Release|Any CPU.Build.0 = Release|Any CPU
		{9DB27A54-F56F-465E-A1A9-28791C64710B}.Debug|Any CPU.ActiveCfg = Debug|Any CPU
		{9DB27A54-F56F-465E-A1A9-28791C64710B}.Debug|Any CPU.Build.0 = Debug|Any CPU
		{9DB27A54-F56F-465E-A1A9-28791C64710B}.Release|Any CPU.ActiveCfg = Release|Any CPU
		{9DB27A54-F56F-465E-A1A9-28791C64710B}.Release|Any CPU.Build.0 = Release|Any CPU
		{C81FF74F-5E1E-402E-A505-E4CEE495CF1A}.Debug|Any CPU.ActiveCfg = Debug|Any CPU
		{C81FF74F-5E1E-402E-A505-E4CEE495CF1A}.Debug|Any CPU.Build.0 = Debug|Any CPU
		{C81FF74F-5E1E-402E-A505-E4CEE495CF1A}.Release|Any CPU.ActiveCfg = Release|Any CPU
		{C81FF74F-5E1E-402E-A505-E4CEE495CF1A}.Release|Any CPU.Build.0 = Release|Any CPU
		{D358C2C3-D568-4C60-BBFA-38AA2BE95C7A}.Debug|Any CPU.ActiveCfg = Debug|Any CPU
		{D358C2C3-D568-4C60-BBFA-38AA2BE95C7A}.Debug|Any CPU.Build.0 = Debug|Any CPU
		{D358C2C3-D568-4C60-BBFA-38AA2BE95C7A}.Release|Any CPU.ActiveCfg = Release|Any CPU
		{D358C2C3-D568-4C60-BBFA-38AA2BE95C7A}.Release|Any CPU.Build.0 = Release|Any CPU
		{7A43A348-20AD-4433-9A13-719439243BE7}.Debug|Any CPU.ActiveCfg = Debug|Any CPU
		{7A43A348-20AD-4433-9A13-719439243BE7}.Debug|Any CPU.Build.0 = Debug|Any CPU
		{7A43A348-20AD-4433-9A13-719439243BE7}.Release|Any CPU.ActiveCfg = Release|Any CPU
		{7A43A348-20AD-4433-9A13-719439243BE7}.Release|Any CPU.Build.0 = Release|Any CPU
		{A769FDEC-5B64-409B-A646-27A3A14105C6}.Debug|Any CPU.ActiveCfg = Debug|Any CPU
		{A769FDEC-5B64-409B-A646-27A3A14105C6}.Debug|Any CPU.Build.0 = Debug|Any CPU
		{A769FDEC-5B64-409B-A646-27A3A14105C6}.Release|Any CPU.ActiveCfg = Release|Any CPU
		{A769FDEC-5B64-409B-A646-27A3A14105C6}.Release|Any CPU.Build.0 = Release|Any CPU
		{EEFF24B3-3A35-42B8-91FD-518052D6BA2F}.Debug|Any CPU.ActiveCfg = Debug|Any CPU
		{EEFF24B3-3A35-42B8-91FD-518052D6BA2F}.Debug|Any CPU.Build.0 = Debug|Any CPU
		{EEFF24B3-3A35-42B8-91FD-518052D6BA2F}.Release|Any CPU.ActiveCfg = Release|Any CPU
		{EEFF24B3-3A35-42B8-91FD-518052D6BA2F}.Release|Any CPU.Build.0 = Release|Any CPU
	EndGlobalSection
	GlobalSection(SolutionProperties) = preSolution
		HideSolutionNode = FALSE
	EndGlobalSection
	GlobalSection(ExtensibilityGlobals) = postSolution
		SolutionGuid = {694D0244-80FF-47D4-A54D-2DB1356B72A1}
	EndGlobalSection
EndGlobal
