
Microsoft Visual Studio Solution File, Format Version 12.00
# Visual Studio 15
VisualStudioVersion = 15.0.27004.2009
MinimumVisualStudioVersion = 10.0.40219.1
Project("{FAE04EC0-301F-11D3-BF4B-00C04F79EFBC}") = "PoExtractor", "PoExtractor\PoExtractor.csproj", "{A29A064D-8EB5-4D0F-A78C-2C6021340A17}"
EndProject
Global
	GlobalSection(SolutionConfigurationPlatforms) = preSolution
		Debug|Any CPU = Debug|Any CPU
		Release|Any CPU = Release|Any CPU
	EndGlobalSection
	GlobalSection(ProjectConfigurationPlatforms) = postSolution
		{A29A064D-8EB5-4D0F-A78C-2C6021340A17}.Debug|Any CPU.ActiveCfg = Debug|Any CPU
		{A29A064D-8EB5-4D0F-A78C-2C6021340A17}.Debug|Any CPU.Build.0 = Debug|Any CPU
		{A29A064D-8EB5-4D0F-A78C-2C6021340A17}.Release|Any CPU.ActiveCfg = Release|Any CPU
		{A29A064D-8EB5-4D0F-A78C-2C6021340A17}.Release|Any CPU.Build.0 = Release|Any CPU
	EndGlobalSection
	GlobalSection(SolutionProperties) = preSolution
		HideSolutionNode = FALSE
	EndGlobalSection
	GlobalSection(ExtensibilityGlobals) = postSolution
		SolutionGuid = {694D0244-80FF-47D4-A54D-2DB1356B72A1}
	EndGlobalSection
EndGlobal
